
Microsoft Visual Studio Solution File, Format Version 12.00
# Visual Studio Version 17
VisualStudioVersion = 17.0.31903.59
MinimumVisualStudioVersion = 10.0.40219.1
Project("{2150E333-8FDC-42A3-9474-1A3956D46DE8}") = "src", "src", "{6BDD378B-3266-4309-B68D-01B8529830A6}"
EndProject
Project("{FAE04EC0-301F-11D3-BF4B-00C04F79EFBC}") = "CommandAPI", "src\CommandAPI\CommandAPI.csproj", "{D17FDD30-8BFC-48F3-BBEA-0862904076F6}"
EndProject
Project("{2150E333-8FDC-42A3-9474-1A3956D46DE8}") = "test", "test", "{EF136B37-B6C0-4CE2-A00C-2ED57258EA83}"
EndProject
Project("{FAE04EC0-301F-11D3-BF4B-00C04F79EFBC}") = "CommandAPI.Tests", "test\CommandAPI.Tests\CommandAPI.Tests.csproj", "{C9A670D2-C55F-49A3-869F-B73F34C908C0}"
EndProject
Global
	GlobalSection(SolutionConfigurationPlatforms) = preSolution
		Debug|Any CPU = Debug|Any CPU
		Release|Any CPU = Release|Any CPU
	EndGlobalSection
	GlobalSection(SolutionProperties) = preSolution
		HideSolutionNode = FALSE
	EndGlobalSection
	GlobalSection(ProjectConfigurationPlatforms) = postSolution
		{D17FDD30-8BFC-48F3-BBEA-0862904076F6}.Debug|Any CPU.ActiveCfg = Debug|Any CPU
		{D17FDD30-8BFC-48F3-BBEA-0862904076F6}.Debug|Any CPU.Build.0 = Debug|Any CPU
		{D17FDD30-8BFC-48F3-BBEA-0862904076F6}.Release|Any CPU.ActiveCfg = Release|Any CPU
		{D17FDD30-8BFC-48F3-BBEA-0862904076F6}.Release|Any CPU.Build.0 = Release|Any CPU
		{C9A670D2-C55F-49A3-869F-B73F34C908C0}.Debug|Any CPU.ActiveCfg = Debug|Any CPU
		{C9A670D2-C55F-49A3-869F-B73F34C908C0}.Debug|Any CPU.Build.0 = Debug|Any CPU
		{C9A670D2-C55F-49A3-869F-B73F34C908C0}.Release|Any CPU.ActiveCfg = Release|Any CPU
		{C9A670D2-C55F-49A3-869F-B73F34C908C0}.Release|Any CPU.Build.0 = Release|Any CPU
	EndGlobalSection
	GlobalSection(NestedProjects) = preSolution
		{D17FDD30-8BFC-48F3-BBEA-0862904076F6} = {6BDD378B-3266-4309-B68D-01B8529830A6}
		{C9A670D2-C55F-49A3-869F-B73F34C908C0} = {EF136B37-B6C0-4CE2-A00C-2ED57258EA83}
	EndGlobalSection
EndGlobal
